
Microsoft Visual Studio Solution File, Format Version 12.00
# Visual Studio Version 17
VisualStudioVersion = 17.4.33103.184
MinimumVisualStudioVersion = 10.0.40219.1
Project("{FAE04EC0-301F-11D3-BF4B-00C04F79EFBC}") = "BookManage", "tsglxt201202\BookManage.csproj", "{F008106E-D6BC-494C-99C0-79504C3807A2}"
EndProject
Global
	GlobalSection(SolutionConfigurationPlatforms) = preSolution
		Debug|Any CPU = Debug|Any CPU
		Release|Any CPU = Release|Any CPU
	EndGlobalSection
	GlobalSection(ProjectConfigurationPlatforms) = postSolution
		{F008106E-D6BC-494C-99C0-79504C3807A2}.Debug|Any CPU.ActiveCfg = Debug|Any CPU
		{F008106E-D6BC-494C-99C0-79504C3807A2}.Debug|Any CPU.Build.0 = Debug|Any CPU
		{F008106E-D6BC-494C-99C0-79504C3807A2}.Release|Any CPU.ActiveCfg = Release|Any CPU
		{F008106E-D6BC-494C-99C0-79504C3807A2}.Release|Any CPU.Build.0 = Release|Any CPU
	EndGlobalSection
	GlobalSection(SolutionProperties) = preSolution
		HideSolutionNode = FALSE
	EndGlobalSection
	GlobalSection(ExtensibilityGlobals) = postSolution
		SolutionGuid = {86AF70DF-0E7F-4695-A9CA-D67461E44082}
	EndGlobalSection
EndGlobal
